# THIS IS AN AUTOGENERATED FILE. DO NOT EDIT THIS FILE DIRECTLY.
# yarn lockfile v1


mobx-state-tree@^3.16.0:
  version "3.16.0"
  resolved "https://registry.yarnpkg.com/mobx-state-tree/-/mobx-state-tree-3.16.0.tgz#814c5c87371ababc07d47bef3892ffa21d739e1d"
  integrity sha512-3eB3/h611fMNu5tvs7I09Hw9Njd0inJzuJMKaY7l49zbNVV6g1kh/poCu1AHZCA/s91N1rq+2VTv9FPo7wyjdA==

typescript@^3.9.2:
  version "3.9.2"
  resolved "https://registry.yarnpkg.com/typescript/-/typescript-3.9.2.tgz#64e9c8e9be6ea583c54607677dd4680a1cf35db9"
  integrity sha512-q2ktq4n/uLuNNShyayit+DTobV2ApPEo/6so68JaD5ojvc/6GClBipedB9zNWYxRSAlZXAe405Rlijzl6qDiSw==
